// !$*UTF8*$!
{
	archiveVersion = 1;
	classes = {
	};
	objectVersion = 46;
	objects = {

/* Begin PBXBuildFile section */
		E24AC10E1B8D45BA0066EDBB /* AppDelegate.swift in Sources */ = {isa = PBXBuildFile; fileRef = E24AC10D1B8D45BA0066EDBB /* AppDelegate.swift */; };
		E24AC1111B8D45BA0066EDBB /* Eat_Now.xcdatamodeld in Sources */ = {isa = PBXBuildFile; fileRef = E24AC10F1B8D45BA0066EDBB /* Eat_Now.xcdatamodeld */; };
		E24AC1131B8D45BA0066EDBB /* ViewController.swift in Sources */ = {isa = PBXBuildFile; fileRef = E24AC1121B8D45BA0066EDBB /* ViewController.swift */; };
		E24AC1161B8D45BA0066EDBB /* Main.storyboard in Resources */ = {isa = PBXBuildFile; fileRef = E24AC1141B8D45BA0066EDBB /* Main.storyboard */; };
		E24AC1181B8D45BA0066EDBB /* Images.xcassets in Resources */ = {isa = PBXBuildFile; fileRef = E24AC1171B8D45BA0066EDBB /* Images.xcassets */; };
		E24AC11B1B8D45BA0066EDBB /* LaunchScreen.xib in Resources */ = {isa = PBXBuildFile; fileRef = E24AC1191B8D45BA0066EDBB /* LaunchScreen.xib */; };
		E24AC1271B8D45BA0066EDBB /* Eat_NowTests.swift in Sources */ = {isa = PBXBuildFile; fileRef = E24AC1261B8D45BA0066EDBB /* Eat_NowTests.swift */; };
/* End PBXBuildFile section */

/* Begin PBXContainerItemProxy section */
		E24AC1211B8D45BA0066EDBB /* PBXContainerItemProxy */ = {
			isa = PBXContainerItemProxy;
			containerPortal = E24AC1001B8D45BA0066EDBB /* Project object */;
			proxyType = 1;
			remoteGlobalIDString = E24AC1071B8D45BA0066EDBB;
			remoteInfo = "Eat Now";
		};
/* End PBXContainerItemProxy section */

/* Begin PBXFileReference section */
		E24AC1081B8D45BA0066EDBB /* Eat Now.app */ = {isa = PBXFileReference; explicitFileType = wrapper.application; includeInIndex = 0; path = "Eat Now.app"; sourceTree = BUILT_PRODUCTS_DIR; };
		E24AC10C1B8D45BA0066EDBB /* Info.plist */ = {isa = PBXFileReference; lastKnownFileType = text.plist.xml; path = Info.plist; sourceTree = "<group>"; };
		E24AC10D1B8D45BA0066EDBB /* AppDelegate.swift */ = {isa = PBXFileReference; lastKnownFileType = sourcecode.swift; path = AppDelegate.swift; sourceTree = "<group>"; };
		E24AC1101B8D45BA0066EDBB /* Eat_Now.xcdatamodel */ = {isa = PBXFileReference; lastKnownFileType = wrapper.xcdatamodel; path = Eat_Now.xcdatamodel; sourceTree = "<group>"; };
		E24AC1121B8D45BA0066EDBB /* ViewController.swift */ = {isa = PBXFileReference; lastKnownFileType = sourcecode.swift; path = ViewController.swift; sourceTree = "<group>"; };
		E24AC1151B8D45BA0066EDBB /* Base */ = {isa = PBXFileReference; lastKnownFileType = file.storyboard; name = Base; path = Base.lproj/Main.storyboard; sourceTree = "<group>"; };
		E24AC1171B8D45BA0066EDBB /* Images.xcassets */ = {isa = PBXFileReference; lastKnownFileType = folder.assetcatalog; path = Images.xcassets; sourceTree = "<group>"; };
		E24AC11A1B8D45BA0066EDBB /* Base */ = {isa = PBXFileReference; lastKnownFileType = file.xib; name = Base; path = Base.lproj/LaunchScreen.xib; sourceTree = "<group>"; };
		E24AC1201B8D45BA0066EDBB /* Eat NowTests.xctest */ = {isa = PBXFileReference; explicitFileType = wrapper.cfbundle; includeInIndex = 0; path = "Eat NowTests.xctest"; sourceTree = BUILT_PRODUCTS_DIR; };
		E24AC1251B8D45BA0066EDBB /* Info.plist */ = {isa = PBXFileReference; lastKnownFileType = text.plist.xml; path = Info.plist; sourceTree = "<group>"; };
		E24AC1261B8D45BA0066EDBB /* Eat_NowTests.swift */ = {isa = PBXFileReference; lastKnownFileType = sourcecode.swift; path = Eat_NowTests.swift; sourceTree = "<group>"; };
/* End PBXFileReference section */

/* Begin PBXFrameworksBuildPhase section */
		E24AC1051B8D45BA0066EDBB /* Frameworks */ = {
			isa = PBXFrameworksBuildPhase;
			buildActionMask = 2147483647;
			files = (
			);
			runOnlyForDeploymentPostprocessing = 0;
		};
		E24AC11D1B8D45BA0066EDBB /* Frameworks */ = {
			isa = PBXFrameworksBuildPhase;
			buildActionMask = 2147483647;
			files = (
			);
			runOnlyForDeploymentPostprocessing = 0;
		};
/* End PBXFrameworksBuildPhase section */

/* Begin PBXGroup section */
		E24AC0FF1B8D45BA0066EDBB = {
			isa = PBXGroup;
			children = (
				E24AC10A1B8D45BA0066EDBB /* Eat Now */,
				E24AC1231B8D45BA0066EDBB /* Eat NowTests */,
				E24AC1091B8D45BA0066EDBB /* Products */,
			);
			sourceTree = "<group>";
		};
		E24AC1091B8D45BA0066EDBB /* Products */ = {
			isa = PBXGroup;
			children = (
				E24AC1081B8D45BA0066EDBB /* Eat Now.app */,
				E24AC1201B8D45BA0066EDBB /* Eat NowTests.xctest */,
			);
			name = Products;
			sourceTree = "<group>";
		};
		E24AC10A1B8D45BA0066EDBB /* Eat Now */ = {
			isa = PBXGroup;
			children = (
				E24AC10D1B8D45BA0066EDBB /* AppDelegate.swift */,
				E24AC1121B8D45BA0066EDBB /* ViewController.swift */,
				E24AC1141B8D45BA0066EDBB /* Main.storyboard */,
				E24AC1171B8D45BA0066EDBB /* Images.xcassets */,
				E24AC1191B8D45BA0066EDBB /* LaunchScreen.xib */,
				E24AC10F1B8D45BA0066EDBB /* Eat_Now.xcdatamodeld */,
				E24AC10B1B8D45BA0066EDBB /* Supporting Files */,
			);
			path = "Eat Now";
			sourceTree = "<group>";
		};
		E24AC10B1B8D45BA0066EDBB /* Supporting Files */ = {
			isa = PBXGroup;
			children = (
				E24AC10C1B8D45BA0066EDBB /* Info.plist */,
			);
			name = "Supporting Files";
			sourceTree = "<group>";
		};
		E24AC1231B8D45BA0066EDBB /* Eat NowTests */ = {
			isa = PBXGroup;
			children = (
				E24AC1261B8D45BA0066EDBB /* Eat_NowTests.swift */,
				E24AC1241B8D45BA0066EDBB /* Supporting Files */,
			);
			path = "Eat NowTests";
			sourceTree = "<group>";
		};
		E24AC1241B8D45BA0066EDBB /* Supporting Files */ = {
			isa = PBXGroup;
			children = (
				E24AC1251B8D45BA0066EDBB /* Info.plist */,
			);
			name = "Supporting Files";
			sourceTree = "<group>";
		};
/* End PBXGroup section */

/* Begin PBXNativeTarget section */
		E24AC1071B8D45BA0066EDBB /* Eat Now */ = {
			isa = PBXNativeTarget;
			buildConfigurationList = E24AC12A1B8D45BA0066EDBB /* Build configuration list for PBXNativeTarget "Eat Now" */;
			buildPhases = (
				E24AC1041B8D45BA0066EDBB /* Sources */,
				E24AC1051B8D45BA0066EDBB /* Frameworks */,
				E24AC1061B8D45BA0066EDBB /* Resources */,
			);
			buildRules = (
			);
			dependencies = (
			);
			name = "Eat Now";
			productName = "Eat Now";
			productReference = E24AC1081B8D45BA0066EDBB /* Eat Now.app */;
			productType = "com.apple.product-type.application";
		};
		E24AC11F1B8D45BA0066EDBB /* Eat NowTests */ = {
			isa = PBXNativeTarget;
			buildConfigurationList = E24AC12D1B8D45BA0066EDBB /* Build configuration list for PBXNativeTarget "Eat NowTests" */;
			buildPhases = (
				E24AC11C1B8D45BA0066EDBB /* Sources */,
				E24AC11D1B8D45BA0066EDBB /* Frameworks */,
				E24AC11E1B8D45BA0066EDBB /* Resources */,
			);
			buildRules = (
			);
			dependencies = (
				E24AC1221B8D45BA0066EDBB /* PBXTargetDependency */,
			);
			name = "Eat NowTests";
			productName = "Eat NowTests";
			productReference = E24AC1201B8D45BA0066EDBB /* Eat NowTests.xctest */;
			productType = "com.apple.product-type.bundle.unit-test";
		};
/* End PBXNativeTarget section */

/* Begin PBXProject section */
		E24AC1001B8D45BA0066EDBB /* Project object */ = {
			isa = PBXProject;
			attributes = {
				LastUpgradeCheck = 0640;
				ORGANIZATIONNAME = "Shuo Shan";
				TargetAttributes = {
					E24AC1071B8D45BA0066EDBB = {
						CreatedOnToolsVersion = 6.4;
					};
					E24AC11F1B8D45BA0066EDBB = {
						CreatedOnToolsVersion = 6.4;
						TestTargetID = E24AC1071B8D45BA0066EDBB;
					};
				};
			};
			buildConfigurationList = E24AC1031B8D45BA0066EDBB /* Build configuration list for PBXProject "Eat Now" */;
			compatibilityVersion = "Xcode 3.2";
			developmentRegion = English;
			hasScannedForEncodings = 0;
			knownRegions = (
				en,
				Base,
			);
			mainGroup = E24AC0FF1B8D45BA0066EDBB;
			productRefGroup = E24AC1091B8D45BA0066EDBB /* Products */;
			projectDirPath = "";
			projectRoot = "";
			targets = (
				E24AC1071B8D45BA0066EDBB /* Eat Now */,
				E24AC11F1B8D45BA0066EDBB /* Eat NowTests */,
			);
		};
/* End PBXProject section */

/* Begin PBXResourcesBuildPhase section */
		E24AC1061B8D45BA0066EDBB /* Resources */ = {
			isa = PBXResourcesBuildPhase;
			buildActionMask = 2147483647;
			files = (
				E24AC1161B8D45BA0066EDBB /* Main.storyboard in Resources */,
				E24AC11B1B8D45BA0066EDBB /* LaunchScreen.xib in Resources */,
				E24AC1181B8D45BA0066EDBB /* Images.xcassets in Resources */,
			);
			runOnlyForDeploymentPostprocessing = 0;
		};
		E24AC11E1B8D45BA0066EDBB /* Resources */ = {
			isa = PBXResourcesBuildPhase;
			buildActionMask = 2147483647;
			files = (
			);
			runOnlyForDeploymentPostprocessing = 0;
		};
/* End PBXResourcesBuildPhase section */

/* Begin PBXSourcesBuildPhase section */
		E24AC1041B8D45BA0066EDBB /* Sources */ = {
			isa = PBXSourcesBuildPhase;
			buildActionMask = 2147483647;
			files = (
				E24AC1131B8D45BA0066EDBB /* ViewController.swift in Sources */,
				E24AC10E1B8D45BA0066EDBB /* AppDelegate.swift in Sources */,
				E24AC1111B8D45BA0066EDBB /* Eat_Now.xcdatamodeld in Sources */,
			);
			runOnlyForDeploymentPostprocessing = 0;
		};
		E24AC11C1B8D45BA0066EDBB /* Sources */ = {
			isa = PBXSourcesBuildPhase;
			buildActionMask = 2147483647;
			files = (
				E24AC1271B8D45BA0066EDBB /* Eat_NowTests.swift in Sources */,
			);
			runOnlyForDeploymentPostprocessing = 0;
		};
/* End PBXSourcesBuildPhase section */

/* Begin PBXTargetDependency section */
		E24AC1221B8D45BA0066EDBB /* PBXTargetDependency */ = {
			isa = PBXTargetDependency;
			target = E24AC1071B8D45BA0066EDBB /* Eat Now */;
			targetProxy = E24AC1211B8D45BA0066EDBB /* PBXContainerItemProxy */;
		};
/* End PBXTargetDependency section */

/* Begin PBXVariantGroup section */
		E24AC1141B8D45BA0066EDBB /* Main.storyboard */ = {
			isa = PBXVariantGroup;
			children = (
				E24AC1151B8D45BA0066EDBB /* Base */,
			);
			name = Main.storyboard;
			sourceTree = "<group>";
		};
		E24AC1191B8D45BA0066EDBB /* LaunchScreen.xib */ = {
			isa = PBXVariantGroup;
			children = (
				E24AC11A1B8D45BA0066EDBB /* Base */,
			);
			name = LaunchScreen.xib;
			sourceTree = "<group>";
		};
/* End PBXVariantGroup section */

/* Begin XCBuildConfiguration section */
		E24AC1281B8D45BA0066EDBB /* Debug */ = {
			isa = XCBuildConfiguration;
			buildSettings = {
				ALWAYS_SEARCH_USER_PATHS = NO;
				CLANG_CXX_LANGUAGE_STANDARD = "gnu++0x";
				CLANG_CXX_LIBRARY = "libc++";
				CLANG_ENABLE_MODULES = YES;
				CLANG_ENABLE_OBJC_ARC = YES;
				CLANG_WARN_BOOL_CONVERSION = YES;
				CLANG_WARN_CONSTANT_CONVERSION = YES;
				CLANG_WARN_DIRECT_OBJC_ISA_USAGE = YES_ERROR;
				CLANG_WARN_EMPTY_BODY = YES;
				CLANG_WARN_ENUM_CONVERSION = YES;
				CLANG_WARN_INT_CONVERSION = YES;
				CLANG_WARN_OBJC_ROOT_CLASS = YES_ERROR;
				CLANG_WARN_UNREACHABLE_CODE = YES;
				CLANG_WARN__DUPLICATE_METHOD_MATCH = YES;
				"CODE_SIGN_IDENTITY[sdk=iphoneos*]" = "iPhone Developer";
				COPY_PHASE_STRIP = NO;
				DEBUG_INFORMATION_FORMAT = "dwarf-with-dsym";
				ENABLE_STRICT_OBJC_MSGSEND = YES;
				GCC_C_LANGUAGE_STANDARD = gnu99;
				GCC_DYNAMIC_NO_PIC = NO;
				GCC_NO_COMMON_BLOCKS = YES;
				GCC_OPTIMIZATION_LEVEL = 0;
				GCC_PREPROCESSOR_DEFINITIONS = (
					"DEBUG=1",
					"$(inherited)",
				);
				GCC_SYMBOLS_PRIVATE_EXTERN = NO;
				GCC_WARN_64_TO_32_BIT_CONVERSION = YES;
				GCC_WARN_ABOUT_RETURN_TYPE = YES_ERROR;
				GCC_WARN_UNDECLARED_SELECTOR = YES;
				GCC_WARN_UNINITIALIZED_AUTOS = YES_AGGRESSIVE;
				GCC_WARN_UNUSED_FUNCTION = YES;
				GCC_WARN_UNUSED_VARIABLE = YES;
				IPHONEOS_DEPLOYMENT_TARGET = 8.4;
				MTL_ENABLE_DEBUG_INFO = YES;
				ONLY_ACTIVE_ARCH = YES;
				SDKROOT = iphoneos;
				SWIFT_OPTIMIZATION_LEVEL = "-Onone";
				TARGETED_DEVICE_FAMILY = "1,2";
			};
			name = Debug;
		};
		E24AC1291B8D45BA0066EDBB /* Release */ = {
			isa = XCBuildConfiguration;
			buildSettings = {
				ALWAYS_SEARCH_USER_PATHS = NO;
				CLANG_CXX_LANGUAGE_STANDARD = "gnu++0x";
				CLANG_CXX_LIBRARY = "libc++";
				CLANG_ENABLE_MODULES = YES;
				CLANG_ENABLE_OBJC_ARC = YES;
				CLANG_WARN_BOOL_CONVERSION = YES;
				CLANG_WARN_CONSTANT_CONVERSION = YES;
				CLANG_WARN_DIRECT_OBJC_ISA_USAGE = YES_ERROR;
				CLANG_WARN_EMPTY_BODY = YES;
				CLANG_WARN_ENUM_CONVERSION = YES;
				CLANG_WARN_INT_CONVERSION = YES;
				CLANG_WARN_OBJC_ROOT_CLASS = YES_ERROR;
				CLANG_WARN_UNREACHABLE_CODE = YES;
				CLANG_WARN__DUPLICATE_METHOD_MATCH = YES;
				"CODE_SIGN_IDENTITY[sdk=iphoneos*]" = "iPhone Developer";
				COPY_PHASE_STRIP = NO;
				DEBUG_INFORMATION_FORMAT = "dwarf-with-dsym";
				ENABLE_NS_ASSERTIONS = NO;
				ENABLE_STRICT_OBJC_MSGSEND = YES;
				GCC_C_LANGUAGE_STANDARD = gnu99;
				GCC_NO_COMMON_BLOCKS = YES;
				GCC_WARN_64_TO_32_BIT_CONVERSION = YES;
				GCC_WARN_ABOUT_RETURN_TYPE = YES_ERROR;
				GCC_WARN_UNDECLARED_SELECTOR = YES;
				GCC_WARN_UNINITIALIZED_AUTOS = YES_AGGRESSIVE;
				GCC_WARN_UNUSED_FUNCTION = YES;
				GCC_WARN_UNUSED_VARIABLE = YES;
				IPHONEOS_DEPLOYMENT_TARGET = 8.4;
				MTL_ENABLE_DEBUG_INFO = NO;
				SDKROOT = iphoneos;
				TARGETED_DEVICE_FAMILY = "1,2";
				VALIDATE_PRODUCT = YES;
			};
			name = Release;
		};
		E24AC12B1B8D45BA0066EDBB /* Debug */ = {
			isa = XCBuildConfiguration;
			buildSettings = {
				ASSETCATALOG_COMPILER_APPICON_NAME = AppIcon;
				INFOPLIST_FILE = "Eat Now/Info.plist";
				LD_RUNPATH_SEARCH_PATHS = "$(inherited) @executable_path/Frameworks";
				PRODUCT_NAME = "$(TARGET_NAME)";
			};
			name = Debug;
		};
		E24AC12C1B8D45BA0066EDBB /* Release */ = {
			isa = XCBuildConfiguration;
			buildSettings = {
				ASSETCATALOG_COMPILER_APPICON_NAME = AppIcon;
				INFOPLIST_FILE = "Eat Now/Info.plist";
				LD_RUNPATH_SEARCH_PATHS = "$(inherited) @executable_path/Frameworks";
				PRODUCT_NAME = "$(TARGET_NAME)";
			};
			name = Release;
		};
		E24AC12E1B8D45BA0066EDBB /* Debug */ = {
			isa = XCBuildConfiguration;
			buildSettings = {
				BUNDLE_LOADER = "$(TEST_HOST)";
				FRAMEWORK_SEARCH_PATHS = (
					"$(SDKROOT)/Developer/Library/Frameworks",
					"$(inherited)",
				);
				GCC_PREPROCESSOR_DEFINITIONS = (
					"DEBUG=1",
					"$(inherited)",
				);
				INFOPLIST_FILE = "Eat NowTests/Info.plist";
				LD_RUNPATH_SEARCH_PATHS = "$(inherited) @executable_path/Frameworks @loader_path/Frameworks";
				PRODUCT_NAME = "$(TARGET_NAME)";
				TEST_HOST = "$(BUILT_PRODUCTS_DIR)/Eat Now.app/Eat Now";
			};
			name = Debug;
		};
		E24AC12F1B8D45BA0066EDBB /* Release */ = {
			isa = XCBuildConfiguration;
			buildSettings = {
				BUNDLE_LOADER = "$(TEST_HOST)";
				FRAMEWORK_SEARCH_PATHS = (
					"$(SDKROOT)/Developer/Library/Frameworks",
					"$(inherited)",
				);
				INFOPLIST_FILE = "Eat NowTests/Info.plist";
				LD_RUNPATH_SEARCH_PATHS = "$(inherited) @executable_path/Frameworks @loader_path/Frameworks";
				PRODUCT_NAME = "$(TARGET_NAME)";
				TEST_HOST = "$(BUILT_PRODUCTS_DIR)/Eat Now.app/Eat Now";
			};
			name = Release;
		};
/* End XCBuildConfiguration section */

/* Begin XCConfigurationList section */
		E24AC1031B8D45BA0066EDBB /* Build configuration list for PBXProject "Eat Now" */ = {
			isa = XCConfigurationList;
			buildConfigurations = (
				E24AC1281B8D45BA0066EDBB /* Debug */,
				E24AC1291B8D45BA0066EDBB /* Release */,
			);
			defaultConfigurationIsVisible = 0;
			defaultConfigurationName = Release;
		};
		E24AC12A1B8D45BA0066EDBB /* Build configuration list for PBXNativeTarget "Eat Now" */ = {
			isa = XCConfigurationList;
			buildConfigurations = (
				E24AC12B1B8D45BA0066EDBB /* Debug */,
				E24AC12C1B8D45BA0066EDBB /* Release */,
			);
			defaultConfigurationIsVisible = 0;
		};
		E24AC12D1B8D45BA0066EDBB /* Build configuration list for PBXNativeTarget "Eat NowTests" */ = {
			isa = XCConfigurationList;
			buildConfigurations = (
				E24AC12E1B8D45BA0066EDBB /* Debug */,
				E24AC12F1B8D45BA0066EDBB /* Release */,
			);
			defaultConfigurationIsVisible = 0;
		};
/* End XCConfigurationList section */

/* Begin XCVersionGroup section */
		E24AC10F1B8D45BA0066EDBB /* Eat_Now.xcdatamodeld */ = {
			isa = XCVersionGroup;
			children = (
				E24AC1101B8D45BA0066EDBB /* Eat_Now.xcdatamodel */,
			);
			currentVersion = E24AC1101B8D45BA0066EDBB /* Eat_Now.xcdatamodel */;
			path = Eat_Now.xcdatamodeld;
			sourceTree = "<group>";
			versionGroupType = wrapper.xcdatamodel;
		};
/* End XCVersionGroup section */
	};
	rootObject = E24AC1001B8D45BA0066EDBB /* Project object */;
}
